// !$*UTF8*$!
{
	archiveVersion = 1;
	classes = {
	};
	objectVersion = 50;
	objects = {

/* Begin PBXBuildFile section */
		1146AE8A22EEBCE2006A1F10 /* ScrollViewController.swift in Sources */ = {isa = PBXBuildFile; fileRef = 1146AE8922EEBCE2006A1F10 /* ScrollViewController.swift */; };
		115E816F22607AC100DF92ED /* RealmTests.swift in Sources */ = {isa = PBXBuildFile; fileRef = 115E816E22607AC000DF92ED /* RealmTests.swift */; };
		1179E62D21C8F934000DB345 /* AppDelegate.swift in Sources */ = {isa = PBXBuildFile; fileRef = 1179E62C21C8F934000DB345 /* AppDelegate.swift */; };
		1179E62F21C8F934000DB345 /* ViewController.swift in Sources */ = {isa = PBXBuildFile; fileRef = 1179E62E21C8F934000DB345 /* ViewController.swift */; };
		1179E63221C8F934000DB345 /* Main.storyboard in Resources */ = {isa = PBXBuildFile; fileRef = 1179E63021C8F934000DB345 /* Main.storyboard */; };
		1179E63421C8F935000DB345 /* Assets.xcassets in Resources */ = {isa = PBXBuildFile; fileRef = 1179E63321C8F935000DB345 /* Assets.xcassets */; };
		1179E63721C8F935000DB345 /* LaunchScreen.storyboard in Resources */ = {isa = PBXBuildFile; fileRef = 1179E63521C8F935000DB345 /* LaunchScreen.storyboard */; };
		1179E64221C8F936000DB345 /* TestAppTests.swift in Sources */ = {isa = PBXBuildFile; fileRef = 1179E64121C8F936000DB345 /* TestAppTests.swift */; };
		1179E64D21C8F936000DB345 /* TestAppUITests.swift in Sources */ = {isa = PBXBuildFile; fileRef = 1179E64C21C8F936000DB345 /* TestAppUITests.swift */; };
		44011AAC238F8BB9001F93DA /* StackViewController.swift in Sources */ = {isa = PBXBuildFile; fileRef = 44011AAB238F8BB9001F93DA /* StackViewController.swift */; };
		44253F5F2395FB1A00F9CE6C /* SubViewController.swift in Sources */ = {isa = PBXBuildFile; fileRef = 44253F5E2395FB1A00F9CE6C /* SubViewController.swift */; };
		4440F94E23EA5B7F0061790F /* LayoutSubVIewController.swift in Sources */ = {isa = PBXBuildFile; fileRef = 4440F94D23EA5B7F0061790F /* LayoutSubVIewController.swift */; };
		4440F95023EA5C140061790F /* LayoutTestView.swift in Sources */ = {isa = PBXBuildFile; fileRef = 4440F94F23EA5C140061790F /* LayoutTestView.swift */; };
		4B381153BCFF9E210CA82B82 /* Pods_TestAppTests.framework in Frameworks */ = {isa = PBXBuildFile; fileRef = 34BD0AC5D4DD8546D51A4444 /* Pods_TestAppTests.framework */; };
		A349363790CD053B7FB80B11 /* Pods_TestApp.framework in Frameworks */ = {isa = PBXBuildFile; fileRef = 97F0F1F596BB3BEF74A3BADD /* Pods_TestApp.framework */; };
		ADCBF8F089912C658BB18D4D /* Pods_TestAppUITests.framework in Frameworks */ = {isa = PBXBuildFile; fileRef = 36B0D46DE49B55661CCC86FE /* Pods_TestAppUITests.framework */; };
/* End PBXBuildFile section */

/* Begin PBXContainerItemProxy section */
		1179E63E21C8F936000DB345 /* PBXContainerItemProxy */ = {
			isa = PBXContainerItemProxy;
			containerPortal = 1179E62121C8F934000DB345 /* Project object */;
			proxyType = 1;
			remoteGlobalIDString = 1179E62821C8F934000DB345;
			remoteInfo = TestApp;
		};
		1179E64921C8F936000DB345 /* PBXContainerItemProxy */ = {
			isa = PBXContainerItemProxy;
			containerPortal = 1179E62121C8F934000DB345 /* Project object */;
			proxyType = 1;
			remoteGlobalIDString = 1179E62821C8F934000DB345;
			remoteInfo = TestApp;
		};
/* End PBXContainerItemProxy section */

/* Begin PBXFileReference section */
		113503B0224B72A300584302 /* DesignPatternPractice.playground */ = {isa = PBXFileReference; lastKnownFileType = file.playground; path = DesignPatternPractice.playground; sourceTree = "<group>"; xcLanguageSpecificationIdentifier = xcode.lang.swift; };
		1146AE8922EEBCE2006A1F10 /* ScrollViewController.swift */ = {isa = PBXFileReference; lastKnownFileType = sourcecode.swift; path = ScrollViewController.swift; sourceTree = "<group>"; };
		115E816E22607AC000DF92ED /* RealmTests.swift */ = {isa = PBXFileReference; lastKnownFileType = sourcecode.swift; path = RealmTests.swift; sourceTree = "<group>"; };
		1179E62921C8F934000DB345 /* TestApp.app */ = {isa = PBXFileReference; explicitFileType = wrapper.application; includeInIndex = 0; path = TestApp.app; sourceTree = BUILT_PRODUCTS_DIR; };
		1179E62C21C8F934000DB345 /* AppDelegate.swift */ = {isa = PBXFileReference; lastKnownFileType = sourcecode.swift; path = AppDelegate.swift; sourceTree = "<group>"; };
		1179E62E21C8F934000DB345 /* ViewController.swift */ = {isa = PBXFileReference; lastKnownFileType = sourcecode.swift; path = ViewController.swift; sourceTree = "<group>"; };
		1179E63121C8F934000DB345 /* Base */ = {isa = PBXFileReference; lastKnownFileType = file.storyboard; name = Base; path = Base.lproj/Main.storyboard; sourceTree = "<group>"; };
		1179E63321C8F935000DB345 /* Assets.xcassets */ = {isa = PBXFileReference; lastKnownFileType = folder.assetcatalog; path = Assets.xcassets; sourceTree = "<group>"; };
		1179E63621C8F935000DB345 /* Base */ = {isa = PBXFileReference; lastKnownFileType = file.storyboard; name = Base; path = Base.lproj/LaunchScreen.storyboard; sourceTree = "<group>"; };
		1179E63821C8F935000DB345 /* Info.plist */ = {isa = PBXFileReference; lastKnownFileType = text.plist.xml; path = Info.plist; sourceTree = "<group>"; };
		1179E63D21C8F936000DB345 /* TestAppTests.xctest */ = {isa = PBXFileReference; explicitFileType = wrapper.cfbundle; includeInIndex = 0; path = TestAppTests.xctest; sourceTree = BUILT_PRODUCTS_DIR; };
		1179E64121C8F936000DB345 /* TestAppTests.swift */ = {isa = PBXFileReference; lastKnownFileType = sourcecode.swift; path = TestAppTests.swift; sourceTree = "<group>"; };
		1179E64321C8F936000DB345 /* Info.plist */ = {isa = PBXFileReference; lastKnownFileType = text.plist.xml; path = Info.plist; sourceTree = "<group>"; };
		1179E64821C8F936000DB345 /* TestAppUITests.xctest */ = {isa = PBXFileReference; explicitFileType = wrapper.cfbundle; includeInIndex = 0; path = TestAppUITests.xctest; sourceTree = BUILT_PRODUCTS_DIR; };
		1179E64C21C8F936000DB345 /* TestAppUITests.swift */ = {isa = PBXFileReference; lastKnownFileType = sourcecode.swift; path = TestAppUITests.swift; sourceTree = "<group>"; };
		1179E64E21C8F936000DB345 /* Info.plist */ = {isa = PBXFileReference; lastKnownFileType = text.plist.xml; path = Info.plist; sourceTree = "<group>"; };
		11A088FD2248BBED0018EDF3 /* CryptoPlayground.playground */ = {isa = PBXFileReference; lastKnownFileType = file.playground; path = CryptoPlayground.playground; sourceTree = SOURCE_ROOT; xcLanguageSpecificationIdentifier = xcode.lang.swift; };
		11A088FE2248BBEE0018EDF3 /* Semaphore.playground */ = {isa = PBXFileReference; lastKnownFileType = file.playground; path = Semaphore.playground; sourceTree = SOURCE_ROOT; xcLanguageSpecificationIdentifier = xcode.lang.swift; };
		11A089002248BBEE0018EDF3 /* MyPlayground.playground */ = {isa = PBXFileReference; lastKnownFileType = file.playground; path = MyPlayground.playground; sourceTree = SOURCE_ROOT; xcLanguageSpecificationIdentifier = xcode.lang.swift; };
		11A089012248BBEE0018EDF3 /* Dispatch.playground */ = {isa = PBXFileReference; lastKnownFileType = file.playground; path = Dispatch.playground; sourceTree = SOURCE_ROOT; xcLanguageSpecificationIdentifier = xcode.lang.swift; };
		11A089022248BBEE0018EDF3 /* Algorithm.playground */ = {isa = PBXFileReference; lastKnownFileType = file.playground; path = Algorithm.playground; sourceTree = SOURCE_ROOT; xcLanguageSpecificationIdentifier = xcode.lang.swift; };
		11A089032248BBEE0018EDF3 /* RXPlayground.playground */ = {isa = PBXFileReference; lastKnownFileType = file.playground; path = RXPlayground.playground; sourceTree = SOURCE_ROOT; xcLanguageSpecificationIdentifier = xcode.lang.swift; };
		11D7CE57225350AE00C7B77E /* View.playground */ = {isa = PBXFileReference; lastKnownFileType = file.playground; path = View.playground; sourceTree = "<group>"; xcLanguageSpecificationIdentifier = xcode.lang.swift; };
		11E496C92249A72E008534BB /* Closure.playground */ = {isa = PBXFileReference; lastKnownFileType = file.playground; path = Closure.playground; sourceTree = "<group>"; xcLanguageSpecificationIdentifier = xcode.lang.swift; };
		34BD0AC5D4DD8546D51A4444 /* Pods_TestAppTests.framework */ = {isa = PBXFileReference; explicitFileType = wrapper.framework; includeInIndex = 0; path = Pods_TestAppTests.framework; sourceTree = BUILT_PRODUCTS_DIR; };
		36B0D46DE49B55661CCC86FE /* Pods_TestAppUITests.framework */ = {isa = PBXFileReference; explicitFileType = wrapper.framework; includeInIndex = 0; path = Pods_TestAppUITests.framework; sourceTree = BUILT_PRODUCTS_DIR; };
		44011AAB238F8BB9001F93DA /* StackViewController.swift */ = {isa = PBXFileReference; lastKnownFileType = sourcecode.swift; path = StackViewController.swift; sourceTree = "<group>"; };
		44253F5E2395FB1A00F9CE6C /* SubViewController.swift */ = {isa = PBXFileReference; lastKnownFileType = sourcecode.swift; path = SubViewController.swift; sourceTree = "<group>"; };
		4440F94D23EA5B7F0061790F /* LayoutSubVIewController.swift */ = {isa = PBXFileReference; lastKnownFileType = sourcecode.swift; path = LayoutSubVIewController.swift; sourceTree = "<group>"; };
		4440F94F23EA5C140061790F /* LayoutTestView.swift */ = {isa = PBXFileReference; lastKnownFileType = sourcecode.swift; path = LayoutTestView.swift; sourceTree = "<group>"; };
		693DA06785FC7BDB1B60A886 /* Pods-TestApp.debug.xcconfig */ = {isa = PBXFileReference; includeInIndex = 1; lastKnownFileType = text.xcconfig; name = "Pods-TestApp.debug.xcconfig"; path = "Pods/Target Support Files/Pods-TestApp/Pods-TestApp.debug.xcconfig"; sourceTree = "<group>"; };
		8ECFF0F955E9B6F884F095C3 /* Pods-TestAppTests.release.xcconfig */ = {isa = PBXFileReference; includeInIndex = 1; lastKnownFileType = text.xcconfig; name = "Pods-TestAppTests.release.xcconfig"; path = "Pods/Target Support Files/Pods-TestAppTests/Pods-TestAppTests.release.xcconfig"; sourceTree = "<group>"; };
		97F0F1F596BB3BEF74A3BADD /* Pods_TestApp.framework */ = {isa = PBXFileReference; explicitFileType = wrapper.framework; includeInIndex = 0; path = Pods_TestApp.framework; sourceTree = BUILT_PRODUCTS_DIR; };
		B2A97648262826CAF3DD545E /* Pods-TestAppUITests.release.xcconfig */ = {isa = PBXFileReference; includeInIndex = 1; lastKnownFileType = text.xcconfig; name = "Pods-TestAppUITests.release.xcconfig"; path = "Pods/Target Support Files/Pods-TestAppUITests/Pods-TestAppUITests.release.xcconfig"; sourceTree = "<group>"; };
		D6983E05BF650AE2239571F1 /* Pods-TestAppUITests.debug.xcconfig */ = {isa = PBXFileReference; includeInIndex = 1; lastKnownFileType = text.xcconfig; name = "Pods-TestAppUITests.debug.xcconfig"; path = "Pods/Target Support Files/Pods-TestAppUITests/Pods-TestAppUITests.debug.xcconfig"; sourceTree = "<group>"; };
		F2C27B934023218A1F792679 /* Pods-TestAppTests.debug.xcconfig */ = {isa = PBXFileReference; includeInIndex = 1; lastKnownFileType = text.xcconfig; name = "Pods-TestAppTests.debug.xcconfig"; path = "Pods/Target Support Files/Pods-TestAppTests/Pods-TestAppTests.debug.xcconfig"; sourceTree = "<group>"; };
		F51D2811424FECCFD66F52F5 /* Pods-TestApp.release.xcconfig */ = {isa = PBXFileReference; includeInIndex = 1; lastKnownFileType = text.xcconfig; name = "Pods-TestApp.release.xcconfig"; path = "Pods/Target Support Files/Pods-TestApp/Pods-TestApp.release.xcconfig"; sourceTree = "<group>"; };
/* End PBXFileReference section */

/* Begin PBXFrameworksBuildPhase section */
		1179E62621C8F934000DB345 /* Frameworks */ = {
			isa = PBXFrameworksBuildPhase;
			buildActionMask = 2147483647;
			files = (
				A349363790CD053B7FB80B11 /* Pods_TestApp.framework in Frameworks */,
			);
			runOnlyForDeploymentPostprocessing = 0;
		};
		1179E63A21C8F936000DB345 /* Frameworks */ = {
			isa = PBXFrameworksBuildPhase;
			buildActionMask = 2147483647;
			files = (
				4B381153BCFF9E210CA82B82 /* Pods_TestAppTests.framework in Frameworks */,
			);
			runOnlyForDeploymentPostprocessing = 0;
		};
		1179E64521C8F936000DB345 /* Frameworks */ = {
			isa = PBXFrameworksBuildPhase;
			buildActionMask = 2147483647;
			files = (
				ADCBF8F089912C658BB18D4D /* Pods_TestAppUITests.framework in Frameworks */,
			);
			runOnlyForDeploymentPostprocessing = 0;
		};
/* End PBXFrameworksBuildPhase section */

/* Begin PBXGroup section */
		1179E62021C8F934000DB345 = {
			isa = PBXGroup;
			children = (
				11E496C92249A72E008534BB /* Closure.playground */,
				1179E62B21C8F934000DB345 /* TestApp */,
				1179E64021C8F936000DB345 /* TestAppTests */,
				1179E64B21C8F936000DB345 /* TestAppUITests */,
				1179E62A21C8F934000DB345 /* Products */,
				25327CF178226AACB9D4CA54 /* Pods */,
				7FE9F8C54E060DF37F807556 /* Frameworks */,
			);
			sourceTree = "<group>";
		};
		1179E62A21C8F934000DB345 /* Products */ = {
			isa = PBXGroup;
			children = (
				1179E62921C8F934000DB345 /* TestApp.app */,
				1179E63D21C8F936000DB345 /* TestAppTests.xctest */,
				1179E64821C8F936000DB345 /* TestAppUITests.xctest */,
			);
			name = Products;
			sourceTree = "<group>";
		};
		1179E62B21C8F934000DB345 /* TestApp */ = {
			isa = PBXGroup;
			children = (
				11A089002248BBEE0018EDF3 /* MyPlayground.playground */,
				11D7CE57225350AE00C7B77E /* View.playground */,
				113503B0224B72A300584302 /* DesignPatternPractice.playground */,
				11A089022248BBEE0018EDF3 /* Algorithm.playground */,
				11A088FD2248BBED0018EDF3 /* CryptoPlayground.playground */,
				11A089012248BBEE0018EDF3 /* Dispatch.playground */,
				11A089032248BBEE0018EDF3 /* RXPlayground.playground */,
				11A088FE2248BBEE0018EDF3 /* Semaphore.playground */,
				1179E62C21C8F934000DB345 /* AppDelegate.swift */,
				1179E62E21C8F934000DB345 /* ViewController.swift */,
				1146AE8922EEBCE2006A1F10 /* ScrollViewController.swift */,
				1179E63021C8F934000DB345 /* Main.storyboard */,
				4440F94D23EA5B7F0061790F /* LayoutSubVIewController.swift */,
				4440F94F23EA5C140061790F /* LayoutTestView.swift */,
				44011AAB238F8BB9001F93DA /* StackViewController.swift */,
				44253F5E2395FB1A00F9CE6C /* SubViewController.swift */,
				1179E63321C8F935000DB345 /* Assets.xcassets */,
				1179E63521C8F935000DB345 /* LaunchScreen.storyboard */,
				1179E63821C8F935000DB345 /* Info.plist */,
			);
			path = TestApp;
			sourceTree = "<group>";
		};
		1179E64021C8F936000DB345 /* TestAppTests */ = {
			isa = PBXGroup;
			children = (
				1179E64121C8F936000DB345 /* TestAppTests.swift */,
				1179E64321C8F936000DB345 /* Info.plist */,
				115E816E22607AC000DF92ED /* RealmTests.swift */,
			);
			path = TestAppTests;
			sourceTree = "<group>";
		};
		1179E64B21C8F936000DB345 /* TestAppUITests */ = {
			isa = PBXGroup;
			children = (
				1179E64C21C8F936000DB345 /* TestAppUITests.swift */,
				1179E64E21C8F936000DB345 /* Info.plist */,
			);
			path = TestAppUITests;
			sourceTree = "<group>";
		};
		25327CF178226AACB9D4CA54 /* Pods */ = {
			isa = PBXGroup;
			children = (
				693DA06785FC7BDB1B60A886 /* Pods-TestApp.debug.xcconfig */,
				F51D2811424FECCFD66F52F5 /* Pods-TestApp.release.xcconfig */,
				F2C27B934023218A1F792679 /* Pods-TestAppTests.debug.xcconfig */,
				8ECFF0F955E9B6F884F095C3 /* Pods-TestAppTests.release.xcconfig */,
				D6983E05BF650AE2239571F1 /* Pods-TestAppUITests.debug.xcconfig */,
				B2A97648262826CAF3DD545E /* Pods-TestAppUITests.release.xcconfig */,
			);
			name = Pods;
			sourceTree = "<group>";
		};
		7FE9F8C54E060DF37F807556 /* Frameworks */ = {
			isa = PBXGroup;
			children = (
				97F0F1F596BB3BEF74A3BADD /* Pods_TestApp.framework */,
				34BD0AC5D4DD8546D51A4444 /* Pods_TestAppTests.framework */,
				36B0D46DE49B55661CCC86FE /* Pods_TestAppUITests.framework */,
			);
			name = Frameworks;
			sourceTree = "<group>";
		};
/* End PBXGroup section */

/* Begin PBXNativeTarget section */
		1179E62821C8F934000DB345 /* TestApp */ = {
			isa = PBXNativeTarget;
			buildConfigurationList = 1179E65121C8F936000DB345 /* Build configuration list for PBXNativeTarget "TestApp" */;
			buildPhases = (
				BEECD896D48F28DBDCB5E385 /* [CP] Check Pods Manifest.lock */,
				1179E62521C8F934000DB345 /* Sources */,
				1179E62621C8F934000DB345 /* Frameworks */,
				1179E62721C8F934000DB345 /* Resources */,
				5A9A39D68B23DACF833E5A83 /* [CP] Embed Pods Frameworks */,
			);
			buildRules = (
			);
			dependencies = (
			);
			name = TestApp;
			productName = TestApp;
			productReference = 1179E62921C8F934000DB345 /* TestApp.app */;
			productType = "com.apple.product-type.application";
		};
		1179E63C21C8F936000DB345 /* TestAppTests */ = {
			isa = PBXNativeTarget;
			buildConfigurationList = 1179E65421C8F936000DB345 /* Build configuration list for PBXNativeTarget "TestAppTests" */;
			buildPhases = (
				27382BF5C636D02ECED35C18 /* [CP] Check Pods Manifest.lock */,
				1179E63921C8F936000DB345 /* Sources */,
				1179E63A21C8F936000DB345 /* Frameworks */,
				1179E63B21C8F936000DB345 /* Resources */,
			);
			buildRules = (
			);
			dependencies = (
				1179E63F21C8F936000DB345 /* PBXTargetDependency */,
			);
			name = TestAppTests;
			productName = TestAppTests;
			productReference = 1179E63D21C8F936000DB345 /* TestAppTests.xctest */;
			productType = "com.apple.product-type.bundle.unit-test";
		};
		1179E64721C8F936000DB345 /* TestAppUITests */ = {
			isa = PBXNativeTarget;
			buildConfigurationList = 1179E65721C8F936000DB345 /* Build configuration list for PBXNativeTarget "TestAppUITests" */;
			buildPhases = (
				838E0EF0A00E018A53787E1D /* [CP] Check Pods Manifest.lock */,
				1179E64421C8F936000DB345 /* Sources */,
				1179E64521C8F936000DB345 /* Frameworks */,
				1179E64621C8F936000DB345 /* Resources */,
			);
			buildRules = (
			);
			dependencies = (
				1179E64A21C8F936000DB345 /* PBXTargetDependency */,
			);
			name = TestAppUITests;
			productName = TestAppUITests;
			productReference = 1179E64821C8F936000DB345 /* TestAppUITests.xctest */;
			productType = "com.apple.product-type.bundle.ui-testing";
		};
/* End PBXNativeTarget section */

/* Begin PBXProject section */
		1179E62121C8F934000DB345 /* Project object */ = {
			isa = PBXProject;
			attributes = {
				DefaultBuildSystemTypeForWorkspace = Original;
				LastSwiftUpdateCheck = 1010;
				LastUpgradeCheck = 1010;
				ORGANIZATIONNAME = "백두산(DooSan Baek)";
				TargetAttributes = {
					1179E62821C8F934000DB345 = {
						CreatedOnToolsVersion = 10.1;
					};
					1179E63C21C8F936000DB345 = {
						CreatedOnToolsVersion = 10.1;
						TestTargetID = 1179E62821C8F934000DB345;
					};
					1179E64721C8F936000DB345 = {
						CreatedOnToolsVersion = 10.1;
						TestTargetID = 1179E62821C8F934000DB345;
					};
				};
			};
			buildConfigurationList = 1179E62421C8F934000DB345 /* Build configuration list for PBXProject "TestApp" */;
			compatibilityVersion = "Xcode 9.3";
			developmentRegion = en;
			hasScannedForEncodings = 0;
			knownRegions = (
				en,
				Base,
			);
			mainGroup = 1179E62021C8F934000DB345;
			productRefGroup = 1179E62A21C8F934000DB345 /* Products */;
			projectDirPath = "";
			projectRoot = "";
			targets = (
				1179E62821C8F934000DB345 /* TestApp */,
				1179E63C21C8F936000DB345 /* TestAppTests */,
				1179E64721C8F936000DB345 /* TestAppUITests */,
			);
		};
/* End PBXProject section */

/* Begin PBXResourcesBuildPhase section */
		1179E62721C8F934000DB345 /* Resources */ = {
			isa = PBXResourcesBuildPhase;
			buildActionMask = 2147483647;
			files = (
				1179E63721C8F935000DB345 /* LaunchScreen.storyboard in Resources */,
				1179E63421C8F935000DB345 /* Assets.xcassets in Resources */,
				1179E63221C8F934000DB345 /* Main.storyboard in Resources */,
			);
			runOnlyForDeploymentPostprocessing = 0;
		};
		1179E63B21C8F936000DB345 /* Resources */ = {
			isa = PBXResourcesBuildPhase;
			buildActionMask = 2147483647;
			files = (
			);
			runOnlyForDeploymentPostprocessing = 0;
		};
		1179E64621C8F936000DB345 /* Resources */ = {
			isa = PBXResourcesBuildPhase;
			buildActionMask = 2147483647;
			files = (
			);
			runOnlyForDeploymentPostprocessing = 0;
		};
/* End PBXResourcesBuildPhase section */

/* Begin PBXShellScriptBuildPhase section */
		27382BF5C636D02ECED35C18 /* [CP] Check Pods Manifest.lock */ = {
			isa = PBXShellScriptBuildPhase;
			buildActionMask = 2147483647;
			files = (
			);
			inputFileListPaths = (
			);
			inputPaths = (
				"${PODS_PODFILE_DIR_PATH}/Podfile.lock",
				"${PODS_ROOT}/Manifest.lock",
			);
			name = "[CP] Check Pods Manifest.lock";
			outputFileListPaths = (
			);
			outputPaths = (
				"$(DERIVED_FILE_DIR)/Pods-TestAppTests-checkManifestLockResult.txt",
			);
			runOnlyForDeploymentPostprocessing = 0;
			shellPath = /bin/sh;
			shellScript = "diff \"${PODS_PODFILE_DIR_PATH}/Podfile.lock\" \"${PODS_ROOT}/Manifest.lock\" > /dev/null\nif [ $? != 0 ] ; then\n    # print error to STDERR\n    echo \"error: The sandbox is not in sync with the Podfile.lock. Run 'pod install' or update your CocoaPods installation.\" >&2\n    exit 1\nfi\n# This output is used by Xcode 'outputs' to avoid re-running this script phase.\necho \"SUCCESS\" > \"${SCRIPT_OUTPUT_FILE_0}\"\n";
			showEnvVarsInLog = 0;
		};
		5A9A39D68B23DACF833E5A83 /* [CP] Embed Pods Frameworks */ = {
			isa = PBXShellScriptBuildPhase;
			buildActionMask = 2147483647;
			files = (
			);
			inputFileListPaths = (
			);
			inputPaths = (
				"${SRCROOT}/Pods/Target Support Files/Pods-TestApp/Pods-TestApp-frameworks.sh",
				"${BUILT_PRODUCTS_DIR}/Kingfisher/Kingfisher.framework",
				"${BUILT_PRODUCTS_DIR}/Realm/Realm.framework",
				"${BUILT_PRODUCTS_DIR}/RealmSwift/RealmSwift.framework",
				"${BUILT_PRODUCTS_DIR}/RxCocoa/RxCocoa.framework",
				"${BUILT_PRODUCTS_DIR}/RxSwift/RxSwift.framework",
				"${BUILT_PRODUCTS_DIR}/UICircularProgressRing/UICircularProgressRing.framework",
			);
			name = "[CP] Embed Pods Frameworks";
			outputFileListPaths = (
			);
			outputPaths = (
				"${TARGET_BUILD_DIR}/${FRAMEWORKS_FOLDER_PATH}/Kingfisher.framework",
				"${TARGET_BUILD_DIR}/${FRAMEWORKS_FOLDER_PATH}/Realm.framework",
				"${TARGET_BUILD_DIR}/${FRAMEWORKS_FOLDER_PATH}/RealmSwift.framework",
				"${TARGET_BUILD_DIR}/${FRAMEWORKS_FOLDER_PATH}/RxCocoa.framework",
				"${TARGET_BUILD_DIR}/${FRAMEWORKS_FOLDER_PATH}/RxSwift.framework",
				"${TARGET_BUILD_DIR}/${FRAMEWORKS_FOLDER_PATH}/UICircularProgressRing.framework",
			);
			runOnlyForDeploymentPostprocessing = 0;
			shellPath = /bin/sh;
			shellScript = "\"${SRCROOT}/Pods/Target Support Files/Pods-TestApp/Pods-TestApp-frameworks.sh\"\n";
			showEnvVarsInLog = 0;
		};
		838E0EF0A00E018A53787E1D /* [CP] Check Pods Manifest.lock */ = {
			isa = PBXShellScriptBuildPhase;
			buildActionMask = 2147483647;
			files = (
			);
			inputFileListPaths = (
			);
			inputPaths = (
				"${PODS_PODFILE_DIR_PATH}/Podfile.lock",
				"${PODS_ROOT}/Manifest.lock",
			);
			name = "[CP] Check Pods Manifest.lock";
			outputFileListPaths = (
			);
			outputPaths = (
				"$(DERIVED_FILE_DIR)/Pods-TestAppUITests-checkManifestLockResult.txt",
			);
			runOnlyForDeploymentPostprocessing = 0;
			shellPath = /bin/sh;
			shellScript = "diff \"${PODS_PODFILE_DIR_PATH}/Podfile.lock\" \"${PODS_ROOT}/Manifest.lock\" > /dev/null\nif [ $? != 0 ] ; then\n    # print error to STDERR\n    echo \"error: The sandbox is not in sync with the Podfile.lock. Run 'pod install' or update your CocoaPods installation.\" >&2\n    exit 1\nfi\n# This output is used by Xcode 'outputs' to avoid re-running this script phase.\necho \"SUCCESS\" > \"${SCRIPT_OUTPUT_FILE_0}\"\n";
			showEnvVarsInLog = 0;
		};
		BEECD896D48F28DBDCB5E385 /* [CP] Check Pods Manifest.lock */ = {
			isa = PBXShellScriptBuildPhase;
			buildActionMask = 2147483647;
			files = (
			);
			inputFileListPaths = (
			);
			inputPaths = (
				"${PODS_PODFILE_DIR_PATH}/Podfile.lock",
				"${PODS_ROOT}/Manifest.lock",
			);
			name = "[CP] Check Pods Manifest.lock";
			outputFileListPaths = (
			);
			outputPaths = (
				"$(DERIVED_FILE_DIR)/Pods-TestApp-checkManifestLockResult.txt",
			);
			runOnlyForDeploymentPostprocessing = 0;
			shellPath = /bin/sh;
			shellScript = "diff \"${PODS_PODFILE_DIR_PATH}/Podfile.lock\" \"${PODS_ROOT}/Manifest.lock\" > /dev/null\nif [ $? != 0 ] ; then\n    # print error to STDERR\n    echo \"error: The sandbox is not in sync with the Podfile.lock. Run 'pod install' or update your CocoaPods installation.\" >&2\n    exit 1\nfi\n# This output is used by Xcode 'outputs' to avoid re-running this script phase.\necho \"SUCCESS\" > \"${SCRIPT_OUTPUT_FILE_0}\"\n";
			showEnvVarsInLog = 0;
		};
/* End PBXShellScriptBuildPhase section */

/* Begin PBXSourcesBuildPhase section */
		1179E62521C8F934000DB345 /* Sources */ = {
			isa = PBXSourcesBuildPhase;
			buildActionMask = 2147483647;
			files = (
				1179E62F21C8F934000DB345 /* ViewController.swift in Sources */,
				44011AAC238F8BB9001F93DA /* StackViewController.swift in Sources */,
				44253F5F2395FB1A00F9CE6C /* SubViewController.swift in Sources */,
				1146AE8A22EEBCE2006A1F10 /* ScrollViewController.swift in Sources */,
				4440F95023EA5C140061790F /* LayoutTestView.swift in Sources */,
				1179E62D21C8F934000DB345 /* AppDelegate.swift in Sources */,
				4440F94E23EA5B7F0061790F /* LayoutSubVIewController.swift in Sources */,
			);
			runOnlyForDeploymentPostprocessing = 0;
		};
		1179E63921C8F936000DB345 /* Sources */ = {
			isa = PBXSourcesBuildPhase;
			buildActionMask = 2147483647;
			files = (
				1179E64221C8F936000DB345 /* TestAppTests.swift in Sources */,
				115E816F22607AC100DF92ED /* RealmTests.swift in Sources */,
			);
			runOnlyForDeploymentPostprocessing = 0;
		};
		1179E64421C8F936000DB345 /* Sources */ = {
			isa = PBXSourcesBuildPhase;
			buildActionMask = 2147483647;
			files = (
				1179E64D21C8F936000DB345 /* TestAppUITests.swift in Sources */,
			);
			runOnlyForDeploymentPostprocessing = 0;
		};
/* End PBXSourcesBuildPhase section */

/* Begin PBXTargetDependency section */
		1179E63F21C8F936000DB345 /* PBXTargetDependency */ = {
			isa = PBXTargetDependency;
			target = 1179E62821C8F934000DB345 /* TestApp */;
			targetProxy = 1179E63E21C8F936000DB345 /* PBXContainerItemProxy */;
		};
		1179E64A21C8F936000DB345 /* PBXTargetDependency */ = {
			isa = PBXTargetDependency;
			target = 1179E62821C8F934000DB345 /* TestApp */;
			targetProxy = 1179E64921C8F936000DB345 /* PBXContainerItemProxy */;
		};
/* End PBXTargetDependency section */

/* Begin PBXVariantGroup section */
		1179E63021C8F934000DB345 /* Main.storyboard */ = {
			isa = PBXVariantGroup;
			children = (
				1179E63121C8F934000DB345 /* Base */,
			);
			name = Main.storyboard;
			sourceTree = "<group>";
		};
		1179E63521C8F935000DB345 /* LaunchScreen.storyboard */ = {
			isa = PBXVariantGroup;
			children = (
				1179E63621C8F935000DB345 /* Base */,
			);
			name = LaunchScreen.storyboard;
			sourceTree = "<group>";
		};
/* End PBXVariantGroup section */

/* Begin XCBuildConfiguration section */
		1179E64F21C8F936000DB345 /* Debug */ = {
			isa = XCBuildConfiguration;
			buildSettings = {
				ALWAYS_SEARCH_USER_PATHS = NO;
				CLANG_ANALYZER_NONNULL = YES;
				CLANG_ANALYZER_NUMBER_OBJECT_CONVERSION = YES_AGGRESSIVE;
				CLANG_CXX_LANGUAGE_STANDARD = "gnu++14";
				CLANG_CXX_LIBRARY = "libc++";
				CLANG_ENABLE_MODULES = YES;
				CLANG_ENABLE_OBJC_ARC = YES;
				CLANG_ENABLE_OBJC_WEAK = YES;
				CLANG_WARN_BLOCK_CAPTURE_AUTORELEASING = YES;
				CLANG_WARN_BOOL_CONVERSION = YES;
				CLANG_WARN_COMMA = YES;
				CLANG_WARN_CONSTANT_CONVERSION = YES;
				CLANG_WARN_DEPRECATED_OBJC_IMPLEMENTATIONS = YES;
				CLANG_WARN_DIRECT_OBJC_ISA_USAGE = YES_ERROR;
				CLANG_WARN_DOCUMENTATION_COMMENTS = YES;
				CLANG_WARN_EMPTY_BODY = YES;
				CLANG_WARN_ENUM_CONVERSION = YES;
				CLANG_WARN_INFINITE_RECURSION = YES;
				CLANG_WARN_INT_CONVERSION = YES;
				CLANG_WARN_NON_LITERAL_NULL_CONVERSION = YES;
				CLANG_WARN_OBJC_IMPLICIT_RETAIN_SELF = YES;
				CLANG_WARN_OBJC_LITERAL_CONVERSION = YES;
				CLANG_WARN_OBJC_ROOT_CLASS = YES_ERROR;
				CLANG_WARN_RANGE_LOOP_ANALYSIS = YES;
				CLANG_WARN_STRICT_PROTOTYPES = YES;
				CLANG_WARN_SUSPICIOUS_MOVE = YES;
				CLANG_WARN_UNGUARDED_AVAILABILITY = YES_AGGRESSIVE;
				CLANG_WARN_UNREACHABLE_CODE = YES;
				CLANG_WARN__DUPLICATE_METHOD_MATCH = YES;
				CODE_SIGN_IDENTITY = "iPhone Developer";
				COPY_PHASE_STRIP = NO;
				DEBUG_INFORMATION_FORMAT = dwarf;
				ENABLE_STRICT_OBJC_MSGSEND = YES;
				ENABLE_TESTABILITY = YES;
				GCC_C_LANGUAGE_STANDARD = gnu11;
				GCC_DYNAMIC_NO_PIC = NO;
				GCC_NO_COMMON_BLOCKS = YES;
				GCC_OPTIMIZATION_LEVEL = 0;
				GCC_PREPROCESSOR_DEFINITIONS = (
					"DEBUG=1",
					"$(inherited)",
				);
				GCC_WARN_64_TO_32_BIT_CONVERSION = YES;
				GCC_WARN_ABOUT_RETURN_TYPE = YES_ERROR;
				GCC_WARN_UNDECLARED_SELECTOR = YES;
				GCC_WARN_UNINITIALIZED_AUTOS = YES_AGGRESSIVE;
				GCC_WARN_UNUSED_FUNCTION = YES;
				GCC_WARN_UNUSED_VARIABLE = YES;
				IPHONEOS_DEPLOYMENT_TARGET = 12.1;
				MTL_ENABLE_DEBUG_INFO = INCLUDE_SOURCE;
				MTL_FAST_MATH = YES;
				ONLY_ACTIVE_ARCH = YES;
				SDKROOT = iphoneos;
				SWIFT_ACTIVE_COMPILATION_CONDITIONS = DEBUG;
				SWIFT_OPTIMIZATION_LEVEL = "-Onone";
			};
			name = Debug;
		};
		1179E65021C8F936000DB345 /* Release */ = {
			isa = XCBuildConfiguration;
			buildSettings = {
				ALWAYS_SEARCH_USER_PATHS = NO;
				CLANG_ANALYZER_NONNULL = YES;
				CLANG_ANALYZER_NUMBER_OBJECT_CONVERSION = YES_AGGRESSIVE;
				CLANG_CXX_LANGUAGE_STANDARD = "gnu++14";
				CLANG_CXX_LIBRARY = "libc++";
				CLANG_ENABLE_MODULES = YES;
				CLANG_ENABLE_OBJC_ARC = YES;
				CLANG_ENABLE_OBJC_WEAK = YES;
				CLANG_WARN_BLOCK_CAPTURE_AUTORELEASING = YES;
				CLANG_WARN_BOOL_CONVERSION = YES;
				CLANG_WARN_COMMA = YES;
				CLANG_WARN_CONSTANT_CONVERSION = YES;
				CLANG_WARN_DEPRECATED_OBJC_IMPLEMENTATIONS = YES;
				CLANG_WARN_DIRECT_OBJC_ISA_USAGE = YES_ERROR;
				CLANG_WARN_DOCUMENTATION_COMMENTS = YES;
				CLANG_WARN_EMPTY_BODY = YES;
				CLANG_WARN_ENUM_CONVERSION = YES;
				CLANG_WARN_INFINITE_RECURSION = YES;
				CLANG_WARN_INT_CONVERSION = YES;
				CLANG_WARN_NON_LITERAL_NULL_CONVERSION = YES;
				CLANG_WARN_OBJC_IMPLICIT_RETAIN_SELF = YES;
				CLANG_WARN_OBJC_LITERAL_CONVERSION = YES;
				CLANG_WARN_OBJC_ROOT_CLASS = YES_ERROR;
				CLANG_WARN_RANGE_LOOP_ANALYSIS = YES;
				CLANG_WARN_STRICT_PROTOTYPES = YES;
				CLANG_WARN_SUSPICIOUS_MOVE = YES;
				CLANG_WARN_UNGUARDED_AVAILABILITY = YES_AGGRESSIVE;
				CLANG_WARN_UNREACHABLE_CODE = YES;
				CLANG_WARN__DUPLICATE_METHOD_MATCH = YES;
				CODE_SIGN_IDENTITY = "iPhone Developer";
				COPY_PHASE_STRIP = NO;
				DEBUG_INFORMATION_FORMAT = "dwarf-with-dsym";
				ENABLE_NS_ASSERTIONS = NO;
				ENABLE_STRICT_OBJC_MSGSEND = YES;
				GCC_C_LANGUAGE_STANDARD = gnu11;
				GCC_NO_COMMON_BLOCKS = YES;
				GCC_WARN_64_TO_32_BIT_CONVERSION = YES;
				GCC_WARN_ABOUT_RETURN_TYPE = YES_ERROR;
				GCC_WARN_UNDECLARED_SELECTOR = YES;
				GCC_WARN_UNINITIALIZED_AUTOS = YES_AGGRESSIVE;
				GCC_WARN_UNUSED_FUNCTION = YES;
				GCC_WARN_UNUSED_VARIABLE = YES;
				IPHONEOS_DEPLOYMENT_TARGET = 12.1;
				MTL_ENABLE_DEBUG_INFO = NO;
				MTL_FAST_MATH = YES;
				SDKROOT = iphoneos;
				SWIFT_COMPILATION_MODE = wholemodule;
				SWIFT_OPTIMIZATION_LEVEL = "-O";
				VALIDATE_PRODUCT = YES;
			};
			name = Release;
		};
		1179E65221C8F936000DB345 /* Debug */ = {
			isa = XCBuildConfiguration;
			baseConfigurationReference = 693DA06785FC7BDB1B60A886 /* Pods-TestApp.debug.xcconfig */;
			buildSettings = {
				ASSETCATALOG_COMPILER_APPICON_NAME = AppIcon;
				CODE_SIGN_STYLE = Automatic;
				DEVELOPMENT_TEAM = 22F59WHQP8;
				INFOPLIST_FILE = TestApp/Info.plist;
				LD_RUNPATH_SEARCH_PATHS = (
					"$(inherited)",
					"@executable_path/Frameworks",
				);
				PRODUCT_BUNDLE_IDENTIFIER = com.doosan.TestApp;
				PRODUCT_NAME = "$(TARGET_NAME)";
				SWIFT_VERSION = 4.2;
				TARGETED_DEVICE_FAMILY = "1,2";
			};
			name = Debug;
		};
		1179E65321C8F936000DB345 /* Release */ = {
			isa = XCBuildConfiguration;
			baseConfigurationReference = F51D2811424FECCFD66F52F5 /* Pods-TestApp.release.xcconfig */;
			buildSettings = {
				ASSETCATALOG_COMPILER_APPICON_NAME = AppIcon;
				CODE_SIGN_STYLE = Automatic;
				DEVELOPMENT_TEAM = 22F59WHQP8;
				INFOPLIST_FILE = TestApp/Info.plist;
				LD_RUNPATH_SEARCH_PATHS = (
					"$(inherited)",
					"@executable_path/Frameworks",
				);
				PRODUCT_BUNDLE_IDENTIFIER = com.doosan.TestApp;
				PRODUCT_NAME = "$(TARGET_NAME)";
				SWIFT_VERSION = 4.2;
				TARGETED_DEVICE_FAMILY = "1,2";
			};
			name = Release;
		};
		1179E65521C8F936000DB345 /* Debug */ = {
			isa = XCBuildConfiguration;
			baseConfigurationReference = F2C27B934023218A1F792679 /* Pods-TestAppTests.debug.xcconfig */;
			buildSettings = {
				ALWAYS_EMBED_SWIFT_STANDARD_LIBRARIES = YES;
				BUNDLE_LOADER = "$(TEST_HOST)";
				CODE_SIGN_STYLE = Automatic;
				DEVELOPMENT_TEAM = 22F59WHQP8;
				INFOPLIST_FILE = TestAppTests/Info.plist;
				LD_RUNPATH_SEARCH_PATHS = (
					"$(inherited)",
					"@executable_path/Frameworks",
					"@loader_path/Frameworks",
				);
				PRODUCT_BUNDLE_IDENTIFIER = com.konai.cryptorx.CryptoXKit.TestAppTests;
				PRODUCT_NAME = "$(TARGET_NAME)";
				SWIFT_VERSION = 4.2;
				TARGETED_DEVICE_FAMILY = "1,2";
				TEST_HOST = "$(BUILT_PRODUCTS_DIR)/TestApp.app/TestApp";
			};
			name = Debug;
		};
		1179E65621C8F936000DB345 /* Release */ = {
			isa = XCBuildConfiguration;
			baseConfigurationReference = 8ECFF0F955E9B6F884F095C3 /* Pods-TestAppTests.release.xcconfig */;
			buildSettings = {
				ALWAYS_EMBED_SWIFT_STANDARD_LIBRARIES = YES;
				BUNDLE_LOADER = "$(TEST_HOST)";
				CODE_SIGN_STYLE = Automatic;
				DEVELOPMENT_TEAM = 22F59WHQP8;
				INFOPLIST_FILE = TestAppTests/Info.plist;
				LD_RUNPATH_SEARCH_PATHS = (
					"$(inherited)",
					"@executable_path/Frameworks",
					"@loader_path/Frameworks",
				);
				PRODUCT_BUNDLE_IDENTIFIER = com.konai.cryptorx.CryptoXKit.TestAppTests;
				PRODUCT_NAME = "$(TARGET_NAME)";
				SWIFT_VERSION = 4.2;
				TARGETED_DEVICE_FAMILY = "1,2";
				TEST_HOST = "$(BUILT_PRODUCTS_DIR)/TestApp.app/TestApp";
			};
			name = Release;
		};
		1179E65821C8F936000DB345 /* Debug */ = {
			isa = XCBuildConfiguration;
			baseConfigurationReference = D6983E05BF650AE2239571F1 /* Pods-TestAppUITests.debug.xcconfig */;
			buildSettings = {
				ALWAYS_EMBED_SWIFT_STANDARD_LIBRARIES = YES;
				CODE_SIGN_STYLE = Automatic;
				DEVELOPMENT_TEAM = 22F59WHQP8;
				INFOPLIST_FILE = TestAppUITests/Info.plist;
				LD_RUNPATH_SEARCH_PATHS = (
					"$(inherited)",
					"@executable_path/Frameworks",
					"@loader_path/Frameworks",
				);
				PRODUCT_BUNDLE_IDENTIFIER = com.konai.cryptorx.CryptoXKit.TestAppUITests;
				PRODUCT_NAME = "$(TARGET_NAME)";
				SWIFT_VERSION = 4.2;
				TARGETED_DEVICE_FAMILY = "1,2";
				TEST_TARGET_NAME = TestApp;
			};
			name = Debug;
		};
		1179E65921C8F936000DB345 /* Release */ = {
			isa = XCBuildConfiguration;
			baseConfigurationReference = B2A97648262826CAF3DD545E /* Pods-TestAppUITests.release.xcconfig */;
			buildSettings = {
				ALWAYS_EMBED_SWIFT_STANDARD_LIBRARIES = YES;
				CODE_SIGN_STYLE = Automatic;
				DEVELOPMENT_TEAM = 22F59WHQP8;
				INFOPLIST_FILE = TestAppUITests/Info.plist;
				LD_RUNPATH_SEARCH_PATHS = (
					"$(inherited)",
					"@executable_path/Frameworks",
					"@loader_path/Frameworks",
				);
				PRODUCT_BUNDLE_IDENTIFIER = com.konai.cryptorx.CryptoXKit.TestAppUITests;
				PRODUCT_NAME = "$(TARGET_NAME)";
				SWIFT_VERSION = 4.2;
				TARGETED_DEVICE_FAMILY = "1,2";
				TEST_TARGET_NAME = TestApp;
			};
			name = Release;
		};
/* End XCBuildConfiguration section */

/* Begin XCConfigurationList section */
		1179E62421C8F934000DB345 /* Build configuration list for PBXProject "TestApp" */ = {
			isa = XCConfigurationList;
			buildConfigurations = (
				1179E64F21C8F936000DB345 /* Debug */,
				1179E65021C8F936000DB345 /* Release */,
			);
			defaultConfigurationIsVisible = 0;
			defaultConfigurationName = Release;
		};
		1179E65121C8F936000DB345 /* Build configuration list for PBXNativeTarget "TestApp" */ = {
			isa = XCConfigurationList;
			buildConfigurations = (
				1179E65221C8F936000DB345 /* Debug */,
				1179E65321C8F936000DB345 /* Release */,
			);
			defaultConfigurationIsVisible = 0;
			defaultConfigurationName = Release;
		};
		1179E65421C8F936000DB345 /* Build configuration list for PBXNativeTarget "TestAppTests" */ = {
			isa = XCConfigurationList;
			buildConfigurations = (
				1179E65521C8F936000DB345 /* Debug */,
				1179E65621C8F936000DB345 /* Release */,
			);
			defaultConfigurationIsVisible = 0;
			defaultConfigurationName = Release;
		};
		1179E65721C8F936000DB345 /* Build configuration list for PBXNativeTarget "TestAppUITests" */ = {
			isa = XCConfigurationList;
			buildConfigurations = (
				1179E65821C8F936000DB345 /* Debug */,
				1179E65921C8F936000DB345 /* Release */,
			);
			defaultConfigurationIsVisible = 0;
			defaultConfigurationName = Release;
		};
/* End XCConfigurationList section */
	};
	rootObject = 1179E62121C8F934000DB345 /* Project object */;
}
